
Microsoft Visual Studio Solution File, Format Version 12.00
# Visual Studio Version 17
VisualStudioVersion = 17.1.32421.90
MinimumVisualStudioVersion = 10.0.40219.1
Project("{8BC9CEB8-8B4A-11D0-8D11-00A0C91BC942}") = "SK-Lib-stdio.h-fputc-Bagian2__C", "SK-Lib-stdio.h-fputc-Bagian2__C\SK-Lib-stdio.h-fputc-Bagian2__C.vcxproj", "{AEB6DD6B-5BAA-4F86-A88E-8DC9C4A60CB8}"
EndProject
Global
	GlobalSection(SolutionConfigurationPlatforms) = preSolution
		Debug|x64 = Debug|x64
		Debug|x86 = Debug|x86
		Release|x64 = Release|x64
		Release|x86 = Release|x86
	EndGlobalSection
	GlobalSection(ProjectConfigurationPlatforms) = postSolution
		{AEB6DD6B-5BAA-4F86-A88E-8DC9C4A60CB8}.Debug|x64.ActiveCfg = Debug|x64
		{AEB6DD6B-5BAA-4F86-A88E-8DC9C4A60CB8}.Debug|x64.Build.0 = Debug|x64
		{AEB6DD6B-5BAA-4F86-A88E-8DC9C4A60CB8}.Debug|x86.ActiveCfg = Debug|Win32
		{AEB6DD6B-5BAA-4F86-A88E-8DC9C4A60CB8}.Debug|x86.Build.0 = Debug|Win32
		{AEB6DD6B-5BAA-4F86-A88E-8DC9C4A60CB8}.Release|x64.ActiveCfg = Release|x64
		{AEB6DD6B-5BAA-4F86-A88E-8DC9C4A60CB8}.Release|x64.Build.0 = Release|x64
		{AEB6DD6B-5BAA-4F86-A88E-8DC9C4A60CB8}.Release|x86.ActiveCfg = Release|Win32
		{AEB6DD6B-5BAA-4F86-A88E-8DC9C4A60CB8}.Release|x86.Build.0 = Release|Win32
	EndGlobalSection
	GlobalSection(SolutionProperties) = preSolution
		HideSolutionNode = FALSE
	EndGlobalSection
	GlobalSection(ExtensibilityGlobals) = postSolution
		SolutionGuid = {09DA73FD-898E-45A9-A300-B6838E623F2E}
	EndGlobalSection
EndGlobal
